
Microsoft Visual Studio Solution File, Format Version 12.00
# Visual Studio Version 17
VisualStudioVersion = 17.11.35303.130
MinimumVisualStudioVersion = 10.0.40219.1
Project("{FAE04EC0-301F-11D3-BF4B-00C04F79EFBC}") = "Cars-Dapper", "Cars-Dapper\Cars-Dapper.csproj", "{34EEC88C-8ED6-4FFE-8D65-FE85D144D7A6}"
EndProject
Global
	GlobalSection(SolutionConfigurationPlatforms) = preSolution
		Debug|Any CPU = Debug|Any CPU
		Release|Any CPU = Release|Any CPU
	EndGlobalSection
	GlobalSection(ProjectConfigurationPlatforms) = postSolution
		{34EEC88C-8ED6-4FFE-8D65-FE85D144D7A6}.Debug|Any CPU.ActiveCfg = Debug|Any CPU
		{34EEC88C-8ED6-4FFE-8D65-FE85D144D7A6}.Debug|Any CPU.Build.0 = Debug|Any CPU
		{34EEC88C-8ED6-4FFE-8D65-FE85D144D7A6}.Release|Any CPU.ActiveCfg = Release|Any CPU
		{34EEC88C-8ED6-4FFE-8D65-FE85D144D7A6}.Release|Any CPU.Build.0 = Release|Any CPU
	EndGlobalSection
	GlobalSection(SolutionProperties) = preSolution
		HideSolutionNode = FALSE
	EndGlobalSection
	GlobalSection(ExtensibilityGlobals) = postSolution
		SolutionGuid = {DF36BB04-DACA-4567-A09A-9A267C7DBCBD}
	EndGlobalSection
EndGlobal
